// !$*UTF8*$!
{
	archiveVersion = 1;
	classes = {
	};
	objectVersion = 56;
	objects = {

/* Begin PBXBuildFile section */
		51C2C53C2ABF2EE4007A60C4 /* AppDelegate.swift in Sources */ = {isa = PBXBuildFile; fileRef = 51C2C53B2ABF2EE4007A60C4 /* AppDelegate.swift */; };
		51C2C53E2ABF2EE4007A60C4 /* SceneDelegate.swift in Sources */ = {isa = PBXBuildFile; fileRef = 51C2C53D2ABF2EE4007A60C4 /* SceneDelegate.swift */; };
		51C2C5402ABF2EE4007A60C4 /* ViewController.swift in Sources */ = {isa = PBXBuildFile; fileRef = 51C2C53F2ABF2EE4007A60C4 /* ViewController.swift */; };
		51C2C5432ABF2EE4007A60C4 /* Main.storyboard in Resources */ = {isa = PBXBuildFile; fileRef = 51C2C5412ABF2EE4007A60C4 /* Main.storyboard */; };
		51C2C5452ABF2EE5007A60C4 /* Assets.xcassets in Resources */ = {isa = PBXBuildFile; fileRef = 51C2C5442ABF2EE5007A60C4 /* Assets.xcassets */; };
		51C2C5482ABF2EE5007A60C4 /* LaunchScreen.storyboard in Resources */ = {isa = PBXBuildFile; fileRef = 51C2C5462ABF2EE5007A60C4 /* LaunchScreen.storyboard */; };
		51C2C5502ABF2F31007A60C4 /* ProfileView.xib in Resources */ = {isa = PBXBuildFile; fileRef = 51C2C54F2ABF2F31007A60C4 /* ProfileView.xib */; };
		51C2C5522ABF3A98007A60C4 /* ProfileView.swift in Sources */ = {isa = PBXBuildFile; fileRef = 51C2C5512ABF3A98007A60C4 /* ProfileView.swift */; };
		51C2C5582ABF47D3007A60C4 /* Profile.storyboard in Resources */ = {isa = PBXBuildFile; fileRef = 51C2C5572ABF47D3007A60C4 /* Profile.storyboard */; };
		51C2C55A2ABF48C8007A60C4 /* ProfileViewController.swift in Sources */ = {isa = PBXBuildFile; fileRef = 51C2C5592ABF48C8007A60C4 /* ProfileViewController.swift */; };
/* End PBXBuildFile section */

/* Begin PBXFileReference section */
		51C2C5382ABF2EE4007A60C4 /* BlinoviOS-39_HW_1_0_Netology_IB_Instruments.app */ = {isa = PBXFileReference; explicitFileType = wrapper.application; includeInIndex = 0; path = "BlinoviOS-39_HW_1_0_Netology_IB_Instruments.app"; sourceTree = BUILT_PRODUCTS_DIR; };
		51C2C53B2ABF2EE4007A60C4 /* AppDelegate.swift */ = {isa = PBXFileReference; lastKnownFileType = sourcecode.swift; path = AppDelegate.swift; sourceTree = "<group>"; };
		51C2C53D2ABF2EE4007A60C4 /* SceneDelegate.swift */ = {isa = PBXFileReference; lastKnownFileType = sourcecode.swift; path = SceneDelegate.swift; sourceTree = "<group>"; };
		51C2C53F2ABF2EE4007A60C4 /* ViewController.swift */ = {isa = PBXFileReference; lastKnownFileType = sourcecode.swift; path = ViewController.swift; sourceTree = "<group>"; };
		51C2C5422ABF2EE4007A60C4 /* Base */ = {isa = PBXFileReference; lastKnownFileType = file.storyboard; name = Base; path = Base.lproj/Main.storyboard; sourceTree = "<group>"; };
		51C2C5442ABF2EE5007A60C4 /* Assets.xcassets */ = {isa = PBXFileReference; lastKnownFileType = folder.assetcatalog; path = Assets.xcassets; sourceTree = "<group>"; };
		51C2C5472ABF2EE5007A60C4 /* Base */ = {isa = PBXFileReference; lastKnownFileType = file.storyboard; name = Base; path = Base.lproj/LaunchScreen.storyboard; sourceTree = "<group>"; };
		51C2C5492ABF2EE5007A60C4 /* Info.plist */ = {isa = PBXFileReference; lastKnownFileType = text.plist.xml; path = Info.plist; sourceTree = "<group>"; };
		51C2C54F2ABF2F31007A60C4 /* ProfileView.xib */ = {isa = PBXFileReference; lastKnownFileType = file.xib; path = ProfileView.xib; sourceTree = "<group>"; };
		51C2C5512ABF3A98007A60C4 /* ProfileView.swift */ = {isa = PBXFileReference; lastKnownFileType = sourcecode.swift; path = ProfileView.swift; sourceTree = "<group>"; };
		51C2C5572ABF47D3007A60C4 /* Profile.storyboard */ = {isa = PBXFileReference; lastKnownFileType = file.storyboard; path = Profile.storyboard; sourceTree = "<group>"; };
		51C2C5592ABF48C8007A60C4 /* ProfileViewController.swift */ = {isa = PBXFileReference; lastKnownFileType = sourcecode.swift; path = ProfileViewController.swift; sourceTree = "<group>"; };
/* End PBXFileReference section */

/* Begin PBXFrameworksBuildPhase section */
		51C2C5352ABF2EE4007A60C4 /* Frameworks */ = {
			isa = PBXFrameworksBuildPhase;
			buildActionMask = 2147483647;
			files = (
			);
			runOnlyForDeploymentPostprocessing = 0;
		};
/* End PBXFrameworksBuildPhase section */

/* Begin PBXGroup section */
		51C2C52F2ABF2EE4007A60C4 = {
			isa = PBXGroup;
			children = (
				51C2C53A2ABF2EE4007A60C4 /* BlinoviOS-39_HW_1_0_Netology_IB_Instruments */,
				51C2C5392ABF2EE4007A60C4 /* Products */,
			);
			sourceTree = "<group>";
		};
		51C2C5392ABF2EE4007A60C4 /* Products */ = {
			isa = PBXGroup;
			children = (
				51C2C5382ABF2EE4007A60C4 /* BlinoviOS-39_HW_1_0_Netology_IB_Instruments.app */,
			);
			name = Products;
			sourceTree = "<group>";
		};
		51C2C53A2ABF2EE4007A60C4 /* BlinoviOS-39_HW_1_0_Netology_IB_Instruments */ = {
			isa = PBXGroup;
			children = (
				51C2C53B2ABF2EE4007A60C4 /* AppDelegate.swift */,
				51C2C53D2ABF2EE4007A60C4 /* SceneDelegate.swift */,
				51C2C53F2ABF2EE4007A60C4 /* ViewController.swift */,
				51C2C5412ABF2EE4007A60C4 /* Main.storyboard */,
				51C2C5442ABF2EE5007A60C4 /* Assets.xcassets */,
				51C2C5462ABF2EE5007A60C4 /* LaunchScreen.storyboard */,
				51C2C5492ABF2EE5007A60C4 /* Info.plist */,
				51C2C54F2ABF2F31007A60C4 /* ProfileView.xib */,
				51C2C5512ABF3A98007A60C4 /* ProfileView.swift */,
				51C2C5572ABF47D3007A60C4 /* Profile.storyboard */,
				51C2C5592ABF48C8007A60C4 /* ProfileViewController.swift */,
			);
			path = "BlinoviOS-39_HW_1_0_Netology_IB_Instruments";
			sourceTree = "<group>";
		};
/* End PBXGroup section */

/* Begin PBXNativeTarget section */
		51C2C5372ABF2EE4007A60C4 /* BlinoviOS-39_HW_1_0_Netology_IB_Instruments */ = {
			isa = PBXNativeTarget;
			buildConfigurationList = 51C2C54C2ABF2EE5007A60C4 /* Build configuration list for PBXNativeTarget "BlinoviOS-39_HW_1_0_Netology_IB_Instruments" */;
			buildPhases = (
				51C2C5342ABF2EE4007A60C4 /* Sources */,
				51C2C5352ABF2EE4007A60C4 /* Frameworks */,
				51C2C5362ABF2EE4007A60C4 /* Resources */,
			);
			buildRules = (
			);
			dependencies = (
			);
			name = "BlinoviOS-39_HW_1_0_Netology_IB_Instruments";
			productName = "BlinoviOS-39_HW_1_0_Netology_IB_Instruments";
			productReference = 51C2C5382ABF2EE4007A60C4 /* BlinoviOS-39_HW_1_0_Netology_IB_Instruments.app */;
			productType = "com.apple.product-type.application";
		};
/* End PBXNativeTarget section */

/* Begin PBXProject section */
		51C2C5302ABF2EE4007A60C4 /* Project object */ = {
			isa = PBXProject;
			attributes = {
				BuildIndependentTargetsInParallel = 1;
				LastSwiftUpdateCheck = 1420;
				LastUpgradeCheck = 1420;
				TargetAttributes = {
					51C2C5372ABF2EE4007A60C4 = {
						CreatedOnToolsVersion = 14.2;
					};
				};
			};
			buildConfigurationList = 51C2C5332ABF2EE4007A60C4 /* Build configuration list for PBXProject "BlinoviOS-39_HW_1_0_Netology_IB_Instruments" */;
			compatibilityVersion = "Xcode 14.0";
			developmentRegion = en;
			hasScannedForEncodings = 0;
			knownRegions = (
				en,
				Base,
			);
			mainGroup = 51C2C52F2ABF2EE4007A60C4;
			productRefGroup = 51C2C5392ABF2EE4007A60C4 /* Products */;
			projectDirPath = "";
			projectRoot = "";
			targets = (
				51C2C5372ABF2EE4007A60C4 /* BlinoviOS-39_HW_1_0_Netology_IB_Instruments */,
			);
		};
/* End PBXProject section */

/* Begin PBXResourcesBuildPhase section */
		51C2C5362ABF2EE4007A60C4 /* Resources */ = {
			isa = PBXResourcesBuildPhase;
			buildActionMask = 2147483647;
			files = (
				51C2C5502ABF2F31007A60C4 /* ProfileView.xib in Resources */,
				51C2C5482ABF2EE5007A60C4 /* LaunchScreen.storyboard in Resources */,
				51C2C5582ABF47D3007A60C4 /* Profile.storyboard in Resources */,
				51C2C5452ABF2EE5007A60C4 /* Assets.xcassets in Resources */,
				51C2C5432ABF2EE4007A60C4 /* Main.storyboard in Resources */,
			);
			runOnlyForDeploymentPostprocessing = 0;
		};
/* End PBXResourcesBuildPhase section */

/* Begin PBXSourcesBuildPhase section */
		51C2C5342ABF2EE4007A60C4 /* Sources */ = {
			isa = PBXSourcesBuildPhase;
			buildActionMask = 2147483647;
			files = (
				51C2C5522ABF3A98007A60C4 /* ProfileView.swift in Sources */,
				51C2C5402ABF2EE4007A60C4 /* ViewController.swift in Sources */,
				51C2C55A2ABF48C8007A60C4 /* ProfileViewController.swift in Sources */,
				51C2C53C2ABF2EE4007A60C4 /* AppDelegate.swift in Sources */,
				51C2C53E2ABF2EE4007A60C4 /* SceneDelegate.swift in Sources */,
			);
			runOnlyForDeploymentPostprocessing = 0;
		};
/* End PBXSourcesBuildPhase section */

/* Begin PBXVariantGroup section */
		51C2C5412ABF2EE4007A60C4 /* Main.storyboard */ = {
			isa = PBXVariantGroup;
			children = (
				51C2C5422ABF2EE4007A60C4 /* Base */,
			);
			name = Main.storyboard;
			sourceTree = "<group>";
		};
		51C2C5462ABF2EE5007A60C4 /* LaunchScreen.storyboard */ = {
			isa = PBXVariantGroup;
			children = (
				51C2C5472ABF2EE5007A60C4 /* Base */,
			);
			name = LaunchScreen.storyboard;
			sourceTree = "<group>";
		};
/* End PBXVariantGroup section */

/* Begin XCBuildConfiguration section */
		51C2C54A2ABF2EE5007A60C4 /* Debug */ = {
			isa = XCBuildConfiguration;
			buildSettings = {
				ALWAYS_SEARCH_USER_PATHS = NO;
				CLANG_ANALYZER_NONNULL = YES;
				CLANG_ANALYZER_NUMBER_OBJECT_CONVERSION = YES_AGGRESSIVE;
				CLANG_CXX_LANGUAGE_STANDARD = "gnu++20";
				CLANG_ENABLE_MODULES = YES;
				CLANG_ENABLE_OBJC_ARC = YES;
				CLANG_ENABLE_OBJC_WEAK = YES;
				CLANG_WARN_BLOCK_CAPTURE_AUTORELEASING = YES;
				CLANG_WARN_BOOL_CONVERSION = YES;
				CLANG_WARN_COMMA = YES;
				CLANG_WARN_CONSTANT_CONVERSION = YES;
				CLANG_WARN_DEPRECATED_OBJC_IMPLEMENTATIONS = YES;
				CLANG_WARN_DIRECT_OBJC_ISA_USAGE = YES_ERROR;
				CLANG_WARN_DOCUMENTATION_COMMENTS = YES;
				CLANG_WARN_EMPTY_BODY = YES;
				CLANG_WARN_ENUM_CONVERSION = YES;
				CLANG_WARN_INFINITE_RECURSION = YES;
				CLANG_WARN_INT_CONVERSION = YES;
				CLANG_WARN_NON_LITERAL_NULL_CONVERSION = YES;
				CLANG_WARN_OBJC_IMPLICIT_RETAIN_SELF = YES;
				CLANG_WARN_OBJC_LITERAL_CONVERSION = YES;
				CLANG_WARN_OBJC_ROOT_CLASS = YES_ERROR;
				CLANG_WARN_QUOTED_INCLUDE_IN_FRAMEWORK_HEADER = YES;
				CLANG_WARN_RANGE_LOOP_ANALYSIS = YES;
				CLANG_WARN_STRICT_PROTOTYPES = YES;
				CLANG_WARN_SUSPICIOUS_MOVE = YES;
				CLANG_WARN_UNGUARDED_AVAILABILITY = YES_AGGRESSIVE;
				CLANG_WARN_UNREACHABLE_CODE = YES;
				CLANG_WARN__DUPLICATE_METHOD_MATCH = YES;
				COPY_PHASE_STRIP = NO;
				DEBUG_INFORMATION_FORMAT = dwarf;
				ENABLE_STRICT_OBJC_MSGSEND = YES;
				ENABLE_TESTABILITY = YES;
				GCC_C_LANGUAGE_STANDARD = gnu11;
				GCC_DYNAMIC_NO_PIC = NO;
				GCC_NO_COMMON_BLOCKS = YES;
				GCC_OPTIMIZATION_LEVEL = 0;
				GCC_PREPROCESSOR_DEFINITIONS = (
					"DEBUG=1",
					"$(inherited)",
				);
				GCC_WARN_64_TO_32_BIT_CONVERSION = YES;
				GCC_WARN_ABOUT_RETURN_TYPE = YES_ERROR;
				GCC_WARN_UNDECLARED_SELECTOR = YES;
				GCC_WARN_UNINITIALIZED_AUTOS = YES_AGGRESSIVE;
				GCC_WARN_UNUSED_FUNCTION = YES;
				GCC_WARN_UNUSED_VARIABLE = YES;
				IPHONEOS_DEPLOYMENT_TARGET = 15.4;
				MTL_ENABLE_DEBUG_INFO = INCLUDE_SOURCE;
				MTL_FAST_MATH = YES;
				ONLY_ACTIVE_ARCH = YES;
				SDKROOT = iphoneos;
				SWIFT_ACTIVE_COMPILATION_CONDITIONS = DEBUG;
				SWIFT_OPTIMIZATION_LEVEL = "-Onone";
			};
			name = Debug;
		};
		51C2C54B2ABF2EE5007A60C4 /* Release */ = {
			isa = XCBuildConfiguration;
			buildSettings = {
				ALWAYS_SEARCH_USER_PATHS = NO;
				CLANG_ANALYZER_NONNULL = YES;
				CLANG_ANALYZER_NUMBER_OBJECT_CONVERSION = YES_AGGRESSIVE;
				CLANG_CXX_LANGUAGE_STANDARD = "gnu++20";
				CLANG_ENABLE_MODULES = YES;
				CLANG_ENABLE_OBJC_ARC = YES;
				CLANG_ENABLE_OBJC_WEAK = YES;
				CLANG_WARN_BLOCK_CAPTURE_AUTORELEASING = YES;
				CLANG_WARN_BOOL_CONVERSION = YES;
				CLANG_WARN_COMMA = YES;
				CLANG_WARN_CONSTANT_CONVERSION = YES;
				CLANG_WARN_DEPRECATED_OBJC_IMPLEMENTATIONS = YES;
				CLANG_WARN_DIRECT_OBJC_ISA_USAGE = YES_ERROR;
				CLANG_WARN_DOCUMENTATION_COMMENTS = YES;
				CLANG_WARN_EMPTY_BODY = YES;
				CLANG_WARN_ENUM_CONVERSION = YES;
				CLANG_WARN_INFINITE_RECURSION = YES;
				CLANG_WARN_INT_CONVERSION = YES;
				CLANG_WARN_NON_LITERAL_NULL_CONVERSION = YES;
				CLANG_WARN_OBJC_IMPLICIT_RETAIN_SELF = YES;
				CLANG_WARN_OBJC_LITERAL_CONVERSION = YES;
				CLANG_WARN_OBJC_ROOT_CLASS = YES_ERROR;
				CLANG_WARN_QUOTED_INCLUDE_IN_FRAMEWORK_HEADER = YES;
				CLANG_WARN_RANGE_LOOP_ANALYSIS = YES;
				CLANG_WARN_STRICT_PROTOTYPES = YES;
				CLANG_WARN_SUSPICIOUS_MOVE = YES;
				CLANG_WARN_UNGUARDED_AVAILABILITY = YES_AGGRESSIVE;
				CLANG_WARN_UNREACHABLE_CODE = YES;
				CLANG_WARN__DUPLICATE_METHOD_MATCH = YES;
				COPY_PHASE_STRIP = NO;
				DEBUG_INFORMATION_FORMAT = "dwarf-with-dsym";
				ENABLE_NS_ASSERTIONS = NO;
				ENABLE_STRICT_OBJC_MSGSEND = YES;
				GCC_C_LANGUAGE_STANDARD = gnu11;
				GCC_NO_COMMON_BLOCKS = YES;
				GCC_WARN_64_TO_32_BIT_CONVERSION = YES;
				GCC_WARN_ABOUT_RETURN_TYPE = YES_ERROR;
				GCC_WARN_UNDECLARED_SELECTOR = YES;
				GCC_WARN_UNINITIALIZED_AUTOS = YES_AGGRESSIVE;
				GCC_WARN_UNUSED_FUNCTION = YES;
				GCC_WARN_UNUSED_VARIABLE = YES;
				IPHONEOS_DEPLOYMENT_TARGET = 15.4;
				MTL_ENABLE_DEBUG_INFO = NO;
				MTL_FAST_MATH = YES;
				SDKROOT = iphoneos;
				SWIFT_COMPILATION_MODE = wholemodule;
				SWIFT_OPTIMIZATION_LEVEL = "-O";
				VALIDATE_PRODUCT = YES;
			};
			name = Release;
		};
		51C2C54D2ABF2EE5007A60C4 /* Debug */ = {
			isa = XCBuildConfiguration;
			buildSettings = {
				ASSETCATALOG_COMPILER_APPICON_NAME = AppIcon;
				ASSETCATALOG_COMPILER_GLOBAL_ACCENT_COLOR_NAME = AccentColor;
				CODE_SIGN_STYLE = Automatic;
				CURRENT_PROJECT_VERSION = 1;
				DEVELOPMENT_TEAM = L24ACGSC43;
				GENERATE_INFOPLIST_FILE = YES;
				INFOPLIST_FILE = "BlinoviOS-39_HW_1_0_Netology_IB_Instruments/Info.plist";
				INFOPLIST_KEY_UIApplicationSupportsIndirectInputEvents = YES;
				INFOPLIST_KEY_UILaunchStoryboardName = LaunchScreen;
				INFOPLIST_KEY_UIMainStoryboardFile = Profile;
				INFOPLIST_KEY_UIStatusBarStyle = "";
				INFOPLIST_KEY_UISupportedInterfaceOrientations_iPad = "UIInterfaceOrientationPortrait UIInterfaceOrientationPortraitUpsideDown UIInterfaceOrientationLandscapeLeft UIInterfaceOrientationLandscapeRight";
				INFOPLIST_KEY_UISupportedInterfaceOrientations_iPhone = "UIInterfaceOrientationPortrait UIInterfaceOrientationLandscapeLeft UIInterfaceOrientationLandscapeRight";
				LD_RUNPATH_SEARCH_PATHS = (
					"$(inherited)",
					"@executable_path/Frameworks",
				);
				MARKETING_VERSION = 1.0;
				PRODUCT_BUNDLE_IDENTIFIER = "ecorp.red.BlinoviOS-39-HW-1-0-Netology-IB-Instruments";
				PRODUCT_NAME = "$(TARGET_NAME)";
				SWIFT_EMIT_LOC_STRINGS = YES;
				SWIFT_VERSION = 5.0;
				TARGETED_DEVICE_FAMILY = "1,2";
			};
			name = Debug;
		};
		51C2C54E2ABF2EE5007A60C4 /* Release */ = {
			isa = XCBuildConfiguration;
			buildSettings = {
				ASSETCATALOG_COMPILER_APPICON_NAME = AppIcon;
				ASSETCATALOG_COMPILER_GLOBAL_ACCENT_COLOR_NAME = AccentColor;
				CODE_SIGN_STYLE = Automatic;
				CURRENT_PROJECT_VERSION = 1;
				DEVELOPMENT_TEAM = L24ACGSC43;
				GENERATE_INFOPLIST_FILE = YES;
				INFOPLIST_FILE = "BlinoviOS-39_HW_1_0_Netology_IB_Instruments/Info.plist";
				INFOPLIST_KEY_UIApplicationSupportsIndirectInputEvents = YES;
				INFOPLIST_KEY_UILaunchStoryboardName = LaunchScreen;
				INFOPLIST_KEY_UIMainStoryboardFile = Profile;
				INFOPLIST_KEY_UIStatusBarStyle = "";
				INFOPLIST_KEY_UISupportedInterfaceOrientations_iPad = "UIInterfaceOrientationPortrait UIInterfaceOrientationPortraitUpsideDown UIInterfaceOrientationLandscapeLeft UIInterfaceOrientationLandscapeRight";
				INFOPLIST_KEY_UISupportedInterfaceOrientations_iPhone = "UIInterfaceOrientationPortrait UIInterfaceOrientationLandscapeLeft UIInterfaceOrientationLandscapeRight";
				LD_RUNPATH_SEARCH_PATHS = (
					"$(inherited)",
					"@executable_path/Frameworks",
				);
				MARKETING_VERSION = 1.0;
				PRODUCT_BUNDLE_IDENTIFIER = "ecorp.red.BlinoviOS-39-HW-1-0-Netology-IB-Instruments";
				PRODUCT_NAME = "$(TARGET_NAME)";
				SWIFT_EMIT_LOC_STRINGS = YES;
				SWIFT_VERSION = 5.0;
				TARGETED_DEVICE_FAMILY = "1,2";
			};
			name = Release;
		};
/* End XCBuildConfiguration section */

/* Begin XCConfigurationList section */
		51C2C5332ABF2EE4007A60C4 /* Build configuration list for PBXProject "BlinoviOS-39_HW_1_0_Netology_IB_Instruments" */ = {
			isa = XCConfigurationList;
			buildConfigurations = (
				51C2C54A2ABF2EE5007A60C4 /* Debug */,
				51C2C54B2ABF2EE5007A60C4 /* Release */,
			);
			defaultConfigurationIsVisible = 0;
			defaultConfigurationName = Release;
		};
		51C2C54C2ABF2EE5007A60C4 /* Build configuration list for PBXNativeTarget "BlinoviOS-39_HW_1_0_Netology_IB_Instruments" */ = {
			isa = XCConfigurationList;
			buildConfigurations = (
				51C2C54D2ABF2EE5007A60C4 /* Debug */,
				51C2C54E2ABF2EE5007A60C4 /* Release */,
			);
			defaultConfigurationIsVisible = 0;
			defaultConfigurationName = Release;
		};
/* End XCConfigurationList section */
	};
	rootObject = 51C2C5302ABF2EE4007A60C4 /* Project object */;
}
